PODS:
  - Alamofire (4.8.2)
  - AlamofireObjectMapper (5.2.0):
    - Alamofire (~> 4.7)
    - ObjectMapper (~> 3.4)
  - lottie-ios (3.0.6)
  - ObjectMapper (3.4.2)
  - SwiftLint (0.32.0)
  - SwiftyJSON (4.3.0)

DEPENDENCIES:
  - Alamofire
  - AlamofireObjectMapper (~> 5.0)
  - lottie-ios
  - SwiftLint
  - SwiftyJSON (~> 4.0)

SPEC REPOS:
  https://github.com/cocoapods/specs.git:
    - Alamofire
    - AlamofireObjectMapper
    - lottie-ios
    - ObjectMapper
    - SwiftLint
    - SwiftyJSON

SPEC CHECKSUMS:
  Alamofire: ae5c501addb7afdbb13687d7f2f722c78734c2d3
  AlamofireObjectMapper: 92b6ce2423a9d159e686f6a1d514a009bf903ddc
  lottie-ios: d030b6cda141cfd8bbaa3db89264785e6fdf675a
  ObjectMapper: 0d4402610f4e468903ae64629eec4784531e5c51
  SwiftLint: 009a898ef2a1c851f45e1b59349bf6ff2ddc990d
  SwiftyJSON: 6faa0040f8b59dead0ee07436cbf76b73c08fd08

PODFILE CHECKSUM: bedccc969b37643cc67bc2e8b46cbbb25749a9b8

COCOAPODS: 1.6.1
