// !$*UTF8*$!
{
	archiveVersion = 1;
	classes = {
	};
	objectVersion = 50;
	objects = {

/* Begin PBXBuildFile section */
		18EC39C622964396009928F9 /* AppDelegate.swift in Sources */ = {isa = PBXBuildFile; fileRef = 18EC39C522964396009928F9 /* AppDelegate.swift */; };
		18EC39C822964396009928F9 /* ViewController.swift in Sources */ = {isa = PBXBuildFile; fileRef = 18EC39C722964396009928F9 /* ViewController.swift */; };
		18EC39CB22964396009928F9 /* Main.storyboard in Resources */ = {isa = PBXBuildFile; fileRef = 18EC39C922964396009928F9 /* Main.storyboard */; };
		18EC39CD22964397009928F9 /* Assets.xcassets in Resources */ = {isa = PBXBuildFile; fileRef = 18EC39CC22964397009928F9 /* Assets.xcassets */; };
		18EC39D022964397009928F9 /* LaunchScreen.storyboard in Resources */ = {isa = PBXBuildFile; fileRef = 18EC39CE22964397009928F9 /* LaunchScreen.storyboard */; };
		18EC39DB22964397009928F9 /* qa_applicationTests.swift in Sources */ = {isa = PBXBuildFile; fileRef = 18EC39DA22964397009928F9 /* qa_applicationTests.swift */; };
		18EC39E622964397009928F9 /* qa_applicationUITests.swift in Sources */ = {isa = PBXBuildFile; fileRef = 18EC39E522964397009928F9 /* qa_applicationUITests.swift */; };
/* End PBXBuildFile section */

/* Begin PBXContainerItemProxy section */
		18EC39D722964397009928F9 /* PBXContainerItemProxy */ = {
			isa = PBXContainerItemProxy;
			containerPortal = 18EC39BA22964396009928F9 /* Project object */;
			proxyType = 1;
			remoteGlobalIDString = 18EC39C122964396009928F9;
			remoteInfo = "qa-application";
		};
		18EC39E222964397009928F9 /* PBXContainerItemProxy */ = {
			isa = PBXContainerItemProxy;
			containerPortal = 18EC39BA22964396009928F9 /* Project object */;
			proxyType = 1;
			remoteGlobalIDString = 18EC39C122964396009928F9;
			remoteInfo = "qa-application";
		};
/* End PBXContainerItemProxy section */

/* Begin PBXFileReference section */
		18EC39C222964396009928F9 /* qa-application.app */ = {isa = PBXFileReference; explicitFileType = wrapper.application; includeInIndex = 0; path = "qa-application.app"; sourceTree = BUILT_PRODUCTS_DIR; };
		18EC39C522964396009928F9 /* AppDelegate.swift */ = {isa = PBXFileReference; lastKnownFileType = sourcecode.swift; path = AppDelegate.swift; sourceTree = "<group>"; };
		18EC39C722964396009928F9 /* ViewController.swift */ = {isa = PBXFileReference; lastKnownFileType = sourcecode.swift; path = ViewController.swift; sourceTree = "<group>"; };
		18EC39CA22964396009928F9 /* Base */ = {isa = PBXFileReference; lastKnownFileType = file.storyboard; name = Base; path = Base.lproj/Main.storyboard; sourceTree = "<group>"; };
		18EC39CC22964397009928F9 /* Assets.xcassets */ = {isa = PBXFileReference; lastKnownFileType = folder.assetcatalog; path = Assets.xcassets; sourceTree = "<group>"; };
		18EC39CF22964397009928F9 /* Base */ = {isa = PBXFileReference; lastKnownFileType = file.storyboard; name = Base; path = Base.lproj/LaunchScreen.storyboard; sourceTree = "<group>"; };
		18EC39D122964397009928F9 /* Info.plist */ = {isa = PBXFileReference; lastKnownFileType = text.plist.xml; path = Info.plist; sourceTree = "<group>"; };
		18EC39D622964397009928F9 /* qa-applicationTests.xctest */ = {isa = PBXFileReference; explicitFileType = wrapper.cfbundle; includeInIndex = 0; path = "qa-applicationTests.xctest"; sourceTree = BUILT_PRODUCTS_DIR; };
		18EC39DA22964397009928F9 /* qa_applicationTests.swift */ = {isa = PBXFileReference; lastKnownFileType = sourcecode.swift; path = qa_applicationTests.swift; sourceTree = "<group>"; };
		18EC39DC22964397009928F9 /* Info.plist */ = {isa = PBXFileReference; lastKnownFileType = text.plist.xml; path = Info.plist; sourceTree = "<group>"; };
		18EC39E122964397009928F9 /* qa-applicationUITests.xctest */ = {isa = PBXFileReference; explicitFileType = wrapper.cfbundle; includeInIndex = 0; path = "qa-applicationUITests.xctest"; sourceTree = BUILT_PRODUCTS_DIR; };
		18EC39E522964397009928F9 /* qa_applicationUITests.swift */ = {isa = PBXFileReference; lastKnownFileType = sourcecode.swift; path = qa_applicationUITests.swift; sourceTree = "<group>"; };
		18EC39E722964397009928F9 /* Info.plist */ = {isa = PBXFileReference; lastKnownFileType = text.plist.xml; path = Info.plist; sourceTree = "<group>"; };
/* End PBXFileReference section */

/* Begin PBXFrameworksBuildPhase section */
		18EC39BF22964396009928F9 /* Frameworks */ = {
			isa = PBXFrameworksBuildPhase;
			buildActionMask = 2147483647;
			files = (
			);
			runOnlyForDeploymentPostprocessing = 0;
		};
		18EC39D322964397009928F9 /* Frameworks */ = {
			isa = PBXFrameworksBuildPhase;
			buildActionMask = 2147483647;
			files = (
			);
			runOnlyForDeploymentPostprocessing = 0;
		};
		18EC39DE22964397009928F9 /* Frameworks */ = {
			isa = PBXFrameworksBuildPhase;
			buildActionMask = 2147483647;
			files = (
			);
			runOnlyForDeploymentPostprocessing = 0;
		};
/* End PBXFrameworksBuildPhase section */

/* Begin PBXGroup section */
		18EC39B922964396009928F9 = {
			isa = PBXGroup;
			children = (
				18EC39C422964396009928F9 /* qa-application */,
				18EC39D922964397009928F9 /* qa-applicationTests */,
				18EC39E422964397009928F9 /* qa-applicationUITests */,
				18EC39C322964396009928F9 /* Products */,
			);
			sourceTree = "<group>";
		};
		18EC39C322964396009928F9 /* Products */ = {
			isa = PBXGroup;
			children = (
				18EC39C222964396009928F9 /* qa-application.app */,
				18EC39D622964397009928F9 /* qa-applicationTests.xctest */,
				18EC39E122964397009928F9 /* qa-applicationUITests.xctest */,
			);
			name = Products;
			sourceTree = "<group>";
		};
		18EC39C422964396009928F9 /* qa-application */ = {
			isa = PBXGroup;
			children = (
				18EC39C522964396009928F9 /* AppDelegate.swift */,
				18EC39C722964396009928F9 /* ViewController.swift */,
				18EC39C922964396009928F9 /* Main.storyboard */,
				18EC39CC22964397009928F9 /* Assets.xcassets */,
				18EC39CE22964397009928F9 /* LaunchScreen.storyboard */,
				18EC39D122964397009928F9 /* Info.plist */,
			);
			path = "qa-application";
			sourceTree = "<group>";
		};
		18EC39D922964397009928F9 /* qa-applicationTests */ = {
			isa = PBXGroup;
			children = (
				18EC39DA22964397009928F9 /* qa_applicationTests.swift */,
				18EC39DC22964397009928F9 /* Info.plist */,
			);
			path = "qa-applicationTests";
			sourceTree = "<group>";
		};
		18EC39E422964397009928F9 /* qa-applicationUITests */ = {
			isa = PBXGroup;
			children = (
				18EC39E522964397009928F9 /* qa_applicationUITests.swift */,
				18EC39E722964397009928F9 /* Info.plist */,
			);
			path = "qa-applicationUITests";
			sourceTree = "<group>";
		};
/* End PBXGroup section */

/* Begin PBXNativeTarget section */
		18EC39C122964396009928F9 /* qa-application */ = {
			isa = PBXNativeTarget;
			buildConfigurationList = 18EC39EA22964397009928F9 /* Build configuration list for PBXNativeTarget "qa-application" */;
			buildPhases = (
				18EC39BE22964396009928F9 /* Sources */,
				18EC39BF22964396009928F9 /* Frameworks */,
				18EC39C022964396009928F9 /* Resources */,
			);
			buildRules = (
			);
			dependencies = (
			);
			name = "qa-application";
			productName = "qa-application";
			productReference = 18EC39C222964396009928F9 /* qa-application.app */;
			productType = "com.apple.product-type.application";
		};
		18EC39D522964397009928F9 /* qa-applicationTests */ = {
			isa = PBXNativeTarget;
			buildConfigurationList = 18EC39ED22964397009928F9 /* Build configuration list for PBXNativeTarget "qa-applicationTests" */;
			buildPhases = (
				18EC39D222964397009928F9 /* Sources */,
				18EC39D322964397009928F9 /* Frameworks */,
				18EC39D422964397009928F9 /* Resources */,
			);
			buildRules = (
			);
			dependencies = (
				18EC39D822964397009928F9 /* PBXTargetDependency */,
			);
			name = "qa-applicationTests";
			productName = "qa-applicationTests";
			productReference = 18EC39D622964397009928F9 /* qa-applicationTests.xctest */;
			productType = "com.apple.product-type.bundle.unit-test";
		};
		18EC39E022964397009928F9 /* qa-applicationUITests */ = {
			isa = PBXNativeTarget;
			buildConfigurationList = 18EC39F022964397009928F9 /* Build configuration list for PBXNativeTarget "qa-applicationUITests" */;
			buildPhases = (
				18EC39DD22964397009928F9 /* Sources */,
				18EC39DE22964397009928F9 /* Frameworks */,
				18EC39DF22964397009928F9 /* Resources */,
			);
			buildRules = (
			);
			dependencies = (
				18EC39E322964397009928F9 /* PBXTargetDependency */,
			);
			name = "qa-applicationUITests";
			productName = "qa-applicationUITests";
			productReference = 18EC39E122964397009928F9 /* qa-applicationUITests.xctest */;
			productType = "com.apple.product-type.bundle.ui-testing";
		};
/* End PBXNativeTarget section */

/* Begin PBXProject section */
		18EC39BA22964396009928F9 /* Project object */ = {
			isa = PBXProject;
			attributes = {
				LastSwiftUpdateCheck = 1020;
				LastUpgradeCheck = 1020;
				ORGANIZATIONNAME = Apple;
				TargetAttributes = {
					18EC39C122964396009928F9 = {
						CreatedOnToolsVersion = 10.2.1;
					};
					18EC39D522964397009928F9 = {
						CreatedOnToolsVersion = 10.2.1;
						TestTargetID = 18EC39C122964396009928F9;
					};
					18EC39E022964397009928F9 = {
						CreatedOnToolsVersion = 10.2.1;
						TestTargetID = 18EC39C122964396009928F9;
					};
				};
			};
			buildConfigurationList = 18EC39BD22964396009928F9 /* Build configuration list for PBXProject "qa-application" */;
			compatibilityVersion = "Xcode 9.3";
			developmentRegion = en;
			hasScannedForEncodings = 0;
			knownRegions = (
				en,
				Base,
			);
			mainGroup = 18EC39B922964396009928F9;
			productRefGroup = 18EC39C322964396009928F9 /* Products */;
			projectDirPath = "";
			projectRoot = "";
			targets = (
				18EC39C122964396009928F9 /* qa-application */,
				18EC39D522964397009928F9 /* qa-applicationTests */,
				18EC39E022964397009928F9 /* qa-applicationUITests */,
			);
		};
/* End PBXProject section */

/* Begin PBXResourcesBuildPhase section */
		18EC39C022964396009928F9 /* Resources */ = {
			isa = PBXResourcesBuildPhase;
			buildActionMask = 2147483647;
			files = (
				18EC39D022964397009928F9 /* LaunchScreen.storyboard in Resources */,
				18EC39CD22964397009928F9 /* Assets.xcassets in Resources */,
				18EC39CB22964396009928F9 /* Main.storyboard in Resources */,
			);
			runOnlyForDeploymentPostprocessing = 0;
		};
		18EC39D422964397009928F9 /* Resources */ = {
			isa = PBXResourcesBuildPhase;
			buildActionMask = 2147483647;
			files = (
			);
			runOnlyForDeploymentPostprocessing = 0;
		};
		18EC39DF22964397009928F9 /* Resources */ = {
			isa = PBXResourcesBuildPhase;
			buildActionMask = 2147483647;
			files = (
			);
			runOnlyForDeploymentPostprocessing = 0;
		};
/* End PBXResourcesBuildPhase section */

/* Begin PBXSourcesBuildPhase section */
		18EC39BE22964396009928F9 /* Sources */ = {
			isa = PBXSourcesBuildPhase;
			buildActionMask = 2147483647;
			files = (
				18EC39C822964396009928F9 /* ViewController.swift in Sources */,
				18EC39C622964396009928F9 /* AppDelegate.swift in Sources */,
			);
			runOnlyForDeploymentPostprocessing = 0;
		};
		18EC39D222964397009928F9 /* Sources */ = {
			isa = PBXSourcesBuildPhase;
			buildActionMask = 2147483647;
			files = (
				18EC39DB22964397009928F9 /* qa_applicationTests.swift in Sources */,
			);
			runOnlyForDeploymentPostprocessing = 0;
		};
		18EC39DD22964397009928F9 /* Sources */ = {
			isa = PBXSourcesBuildPhase;
			buildActionMask = 2147483647;
			files = (
				18EC39E622964397009928F9 /* qa_applicationUITests.swift in Sources */,
			);
			runOnlyForDeploymentPostprocessing = 0;
		};
/* End PBXSourcesBuildPhase section */

/* Begin PBXTargetDependency section */
		18EC39D822964397009928F9 /* PBXTargetDependency */ = {
			isa = PBXTargetDependency;
			target = 18EC39C122964396009928F9 /* qa-application */;
			targetProxy = 18EC39D722964397009928F9 /* PBXContainerItemProxy */;
		};
		18EC39E322964397009928F9 /* PBXTargetDependency */ = {
			isa = PBXTargetDependency;
			target = 18EC39C122964396009928F9 /* qa-application */;
			targetProxy = 18EC39E222964397009928F9 /* PBXContainerItemProxy */;
		};
/* End PBXTargetDependency section */

/* Begin PBXVariantGroup section */
		18EC39C922964396009928F9 /* Main.storyboard */ = {
			isa = PBXVariantGroup;
			children = (
				18EC39CA22964396009928F9 /* Base */,
			);
			name = Main.storyboard;
			sourceTree = "<group>";
		};
		18EC39CE22964397009928F9 /* LaunchScreen.storyboard */ = {
			isa = PBXVariantGroup;
			children = (
				18EC39CF22964397009928F9 /* Base */,
			);
			name = LaunchScreen.storyboard;
			sourceTree = "<group>";
		};
/* End PBXVariantGroup section */

/* Begin XCBuildConfiguration section */
		18EC39E822964397009928F9 /* Debug */ = {
			isa = XCBuildConfiguration;
			buildSettings = {
				ALWAYS_SEARCH_USER_PATHS = NO;
				CLANG_ANALYZER_NONNULL = YES;
				CLANG_ANALYZER_NUMBER_OBJECT_CONVERSION = YES_AGGRESSIVE;
				CLANG_CXX_LANGUAGE_STANDARD = "gnu++14";
				CLANG_CXX_LIBRARY = "libc++";
				CLANG_ENABLE_MODULES = YES;
				CLANG_ENABLE_OBJC_ARC = YES;
				CLANG_ENABLE_OBJC_WEAK = YES;
				CLANG_WARN_BLOCK_CAPTURE_AUTORELEASING = YES;
				CLANG_WARN_BOOL_CONVERSION = YES;
				CLANG_WARN_COMMA = YES;
				CLANG_WARN_CONSTANT_CONVERSION = YES;
				CLANG_WARN_DEPRECATED_OBJC_IMPLEMENTATIONS = YES;
				CLANG_WARN_DIRECT_OBJC_ISA_USAGE = YES_ERROR;
				CLANG_WARN_DOCUMENTATION_COMMENTS = YES;
				CLANG_WARN_EMPTY_BODY = YES;
				CLANG_WARN_ENUM_CONVERSION = YES;
				CLANG_WARN_INFINITE_RECURSION = YES;
				CLANG_WARN_INT_CONVERSION = YES;
				CLANG_WARN_NON_LITERAL_NULL_CONVERSION = YES;
				CLANG_WARN_OBJC_IMPLICIT_RETAIN_SELF = YES;
				CLANG_WARN_OBJC_LITERAL_CONVERSION = YES;
				CLANG_WARN_OBJC_ROOT_CLASS = YES_ERROR;
				CLANG_WARN_RANGE_LOOP_ANALYSIS = YES;
				CLANG_WARN_STRICT_PROTOTYPES = YES;
				CLANG_WARN_SUSPICIOUS_MOVE = YES;
				CLANG_WARN_UNGUARDED_AVAILABILITY = YES_AGGRESSIVE;
				CLANG_WARN_UNREACHABLE_CODE = YES;
				CLANG_WARN__DUPLICATE_METHOD_MATCH = YES;
				CODE_SIGN_IDENTITY = "iPhone Developer";
				COPY_PHASE_STRIP = NO;
				DEBUG_INFORMATION_FORMAT = dwarf;
				ENABLE_STRICT_OBJC_MSGSEND = YES;
				ENABLE_TESTABILITY = YES;
				GCC_C_LANGUAGE_STANDARD = gnu11;
				GCC_DYNAMIC_NO_PIC = NO;
				GCC_NO_COMMON_BLOCKS = YES;
				GCC_OPTIMIZATION_LEVEL = 0;
				GCC_PREPROCESSOR_DEFINITIONS = (
					"DEBUG=1",
					"$(inherited)",
				);
				GCC_WARN_64_TO_32_BIT_CONVERSION = YES;
				GCC_WARN_ABOUT_RETURN_TYPE = YES_ERROR;
				GCC_WARN_UNDECLARED_SELECTOR = YES;
				GCC_WARN_UNINITIALIZED_AUTOS = YES_AGGRESSIVE;
				GCC_WARN_UNUSED_FUNCTION = YES;
				GCC_WARN_UNUSED_VARIABLE = YES;
				IPHONEOS_DEPLOYMENT_TARGET = 12.2;
				MTL_ENABLE_DEBUG_INFO = INCLUDE_SOURCE;
				MTL_FAST_MATH = YES;
				ONLY_ACTIVE_ARCH = YES;
				SDKROOT = iphoneos;
				SWIFT_ACTIVE_COMPILATION_CONDITIONS = DEBUG;
				SWIFT_OPTIMIZATION_LEVEL = "-Onone";
			};
			name = Debug;
		};
		18EC39E922964397009928F9 /* Release */ = {
			isa = XCBuildConfiguration;
			buildSettings = {
				ALWAYS_SEARCH_USER_PATHS = NO;
				CLANG_ANALYZER_NONNULL = YES;
				CLANG_ANALYZER_NUMBER_OBJECT_CONVERSION = YES_AGGRESSIVE;
				CLANG_CXX_LANGUAGE_STANDARD = "gnu++14";
				CLANG_CXX_LIBRARY = "libc++";
				CLANG_ENABLE_MODULES = YES;
				CLANG_ENABLE_OBJC_ARC = YES;
				CLANG_ENABLE_OBJC_WEAK = YES;
				CLANG_WARN_BLOCK_CAPTURE_AUTORELEASING = YES;
				CLANG_WARN_BOOL_CONVERSION = YES;
				CLANG_WARN_COMMA = YES;
				CLANG_WARN_CONSTANT_CONVERSION = YES;
				CLANG_WARN_DEPRECATED_OBJC_IMPLEMENTATIONS = YES;
				CLANG_WARN_DIRECT_OBJC_ISA_USAGE = YES_ERROR;
				CLANG_WARN_DOCUMENTATION_COMMENTS = YES;
				CLANG_WARN_EMPTY_BODY = YES;
				CLANG_WARN_ENUM_CONVERSION = YES;
				CLANG_WARN_INFINITE_RECURSION = YES;
				CLANG_WARN_INT_CONVERSION = YES;
				CLANG_WARN_NON_LITERAL_NULL_CONVERSION = YES;
				CLANG_WARN_OBJC_IMPLICIT_RETAIN_SELF = YES;
				CLANG_WARN_OBJC_LITERAL_CONVERSION = YES;
				CLANG_WARN_OBJC_ROOT_CLASS = YES_ERROR;
				CLANG_WARN_RANGE_LOOP_ANALYSIS = YES;
				CLANG_WARN_STRICT_PROTOTYPES = YES;
				CLANG_WARN_SUSPICIOUS_MOVE = YES;
				CLANG_WARN_UNGUARDED_AVAILABILITY = YES_AGGRESSIVE;
				CLANG_WARN_UNREACHABLE_CODE = YES;
				CLANG_WARN__DUPLICATE_METHOD_MATCH = YES;
				CODE_SIGN_IDENTITY = "iPhone Developer";
				COPY_PHASE_STRIP = NO;
				DEBUG_INFORMATION_FORMAT = "dwarf-with-dsym";
				ENABLE_NS_ASSERTIONS = NO;
				ENABLE_STRICT_OBJC_MSGSEND = YES;
				GCC_C_LANGUAGE_STANDARD = gnu11;
				GCC_NO_COMMON_BLOCKS = YES;
				GCC_WARN_64_TO_32_BIT_CONVERSION = YES;
				GCC_WARN_ABOUT_RETURN_TYPE = YES_ERROR;
				GCC_WARN_UNDECLARED_SELECTOR = YES;
				GCC_WARN_UNINITIALIZED_AUTOS = YES_AGGRESSIVE;
				GCC_WARN_UNUSED_FUNCTION = YES;
				GCC_WARN_UNUSED_VARIABLE = YES;
				IPHONEOS_DEPLOYMENT_TARGET = 12.2;
				MTL_ENABLE_DEBUG_INFO = NO;
				MTL_FAST_MATH = YES;
				SDKROOT = iphoneos;
				SWIFT_COMPILATION_MODE = wholemodule;
				SWIFT_OPTIMIZATION_LEVEL = "-O";
				VALIDATE_PRODUCT = YES;
			};
			name = Release;
		};
		18EC39EB22964397009928F9 /* Debug */ = {
			isa = XCBuildConfiguration;
			buildSettings = {
				ASSETCATALOG_COMPILER_APPICON_NAME = AppIcon;
				CODE_SIGN_STYLE = Automatic;
				INFOPLIST_FILE = "qa-application/Info.plist";
				LD_RUNPATH_SEARCH_PATHS = (
					"$(inherited)",
					"@executable_path/Frameworks",
				);
				PRODUCT_BUNDLE_IDENTIFIER = "com.kshone.qa.qa-application";
				PRODUCT_NAME = "$(TARGET_NAME)";
				SWIFT_VERSION = 5.0;
				TARGETED_DEVICE_FAMILY = "1,2";
			};
			name = Debug;
		};
		18EC39EC22964397009928F9 /* Release */ = {
			isa = XCBuildConfiguration;
			buildSettings = {
				ASSETCATALOG_COMPILER_APPICON_NAME = AppIcon;
				CODE_SIGN_STYLE = Automatic;
				INFOPLIST_FILE = "qa-application/Info.plist";
				LD_RUNPATH_SEARCH_PATHS = (
					"$(inherited)",
					"@executable_path/Frameworks",
				);
				PRODUCT_BUNDLE_IDENTIFIER = "com.kshone.qa.qa-application";
				PRODUCT_NAME = "$(TARGET_NAME)";
				SWIFT_VERSION = 5.0;
				TARGETED_DEVICE_FAMILY = "1,2";
			};
			name = Release;
		};
		18EC39EE22964397009928F9 /* Debug */ = {
			isa = XCBuildConfiguration;
			buildSettings = {
				ALWAYS_EMBED_SWIFT_STANDARD_LIBRARIES = YES;
				BUNDLE_LOADER = "$(TEST_HOST)";
				CODE_SIGN_STYLE = Automatic;
				INFOPLIST_FILE = "qa-applicationTests/Info.plist";
				LD_RUNPATH_SEARCH_PATHS = (
					"$(inherited)",
					"@executable_path/Frameworks",
					"@loader_path/Frameworks",
				);
				PRODUCT_BUNDLE_IDENTIFIER = "com.kshone.qa.qa-applicationTests";
				PRODUCT_NAME = "$(TARGET_NAME)";
				SWIFT_VERSION = 5.0;
				TARGETED_DEVICE_FAMILY = "1,2";
				TEST_HOST = "$(BUILT_PRODUCTS_DIR)/qa-application.app/qa-application";
			};
			name = Debug;
		};
		18EC39EF22964397009928F9 /* Release */ = {
			isa = XCBuildConfiguration;
			buildSettings = {
				ALWAYS_EMBED_SWIFT_STANDARD_LIBRARIES = YES;
				BUNDLE_LOADER = "$(TEST_HOST)";
				CODE_SIGN_STYLE = Automatic;
				INFOPLIST_FILE = "qa-applicationTests/Info.plist";
				LD_RUNPATH_SEARCH_PATHS = (
					"$(inherited)",
					"@executable_path/Frameworks",
					"@loader_path/Frameworks",
				);
				PRODUCT_BUNDLE_IDENTIFIER = "com.kshone.qa.qa-applicationTests";
				PRODUCT_NAME = "$(TARGET_NAME)";
				SWIFT_VERSION = 5.0;
				TARGETED_DEVICE_FAMILY = "1,2";
				TEST_HOST = "$(BUILT_PRODUCTS_DIR)/qa-application.app/qa-application";
			};
			name = Release;
		};
		18EC39F122964397009928F9 /* Debug */ = {
			isa = XCBuildConfiguration;
			buildSettings = {
				ALWAYS_EMBED_SWIFT_STANDARD_LIBRARIES = YES;
				CODE_SIGN_STYLE = Automatic;
				INFOPLIST_FILE = "qa-applicationUITests/Info.plist";
				LD_RUNPATH_SEARCH_PATHS = (
					"$(inherited)",
					"@executable_path/Frameworks",
					"@loader_path/Frameworks",
				);
				PRODUCT_BUNDLE_IDENTIFIER = "com.kshone.qa.qa-applicationUITests";
				PRODUCT_NAME = "$(TARGET_NAME)";
				SWIFT_VERSION = 5.0;
				TARGETED_DEVICE_FAMILY = "1,2";
				TEST_TARGET_NAME = "qa-application";
			};
			name = Debug;
		};
		18EC39F222964397009928F9 /* Release */ = {
			isa = XCBuildConfiguration;
			buildSettings = {
				ALWAYS_EMBED_SWIFT_STANDARD_LIBRARIES = YES;
				CODE_SIGN_STYLE = Automatic;
				INFOPLIST_FILE = "qa-applicationUITests/Info.plist";
				LD_RUNPATH_SEARCH_PATHS = (
					"$(inherited)",
					"@executable_path/Frameworks",
					"@loader_path/Frameworks",
				);
				PRODUCT_BUNDLE_IDENTIFIER = "com.kshone.qa.qa-applicationUITests";
				PRODUCT_NAME = "$(TARGET_NAME)";
				SWIFT_VERSION = 5.0;
				TARGETED_DEVICE_FAMILY = "1,2";
				TEST_TARGET_NAME = "qa-application";
			};
			name = Release;
		};
/* End XCBuildConfiguration section */

/* Begin XCConfigurationList section */
		18EC39BD22964396009928F9 /* Build configuration list for PBXProject "qa-application" */ = {
			isa = XCConfigurationList;
			buildConfigurations = (
				18EC39E822964397009928F9 /* Debug */,
				18EC39E922964397009928F9 /* Release */,
			);
			defaultConfigurationIsVisible = 0;
			defaultConfigurationName = Release;
		};
		18EC39EA22964397009928F9 /* Build configuration list for PBXNativeTarget "qa-application" */ = {
			isa = XCConfigurationList;
			buildConfigurations = (
				18EC39EB22964397009928F9 /* Debug */,
				18EC39EC22964397009928F9 /* Release */,
			);
			defaultConfigurationIsVisible = 0;
			defaultConfigurationName = Release;
		};
		18EC39ED22964397009928F9 /* Build configuration list for PBXNativeTarget "qa-applicationTests" */ = {
			isa = XCConfigurationList;
			buildConfigurations = (
				18EC39EE22964397009928F9 /* Debug */,
				18EC39EF22964397009928F9 /* Release */,
			);
			defaultConfigurationIsVisible = 0;
			defaultConfigurationName = Release;
		};
		18EC39F022964397009928F9 /* Build configuration list for PBXNativeTarget "qa-applicationUITests" */ = {
			isa = XCConfigurationList;
			buildConfigurations = (
				18EC39F122964397009928F9 /* Debug */,
				18EC39F222964397009928F9 /* Release */,
			);
			defaultConfigurationIsVisible = 0;
			defaultConfigurationName = Release;
		};
/* End XCConfigurationList section */
	};
	rootObject = 18EC39BA22964396009928F9 /* Project object */;
}
